
Microsoft Visual Studio Solution File, Format Version 12.00
# Visual Studio 15
VisualStudioVersion = 15.0.27428.2037
MinimumVisualStudioVersion = 10.0.40219.1
Project("{FAE04EC0-301F-11D3-BF4B-00C04F79EFBC}") = "Business", "Business\Business.csproj", "{984DF8E6-44C6-48D6-B48E-3A3B0750503D}"
EndProject
Project("{FAE04EC0-301F-11D3-BF4B-00C04F79EFBC}") = "SHF.Helper", "SHF.Helper\SHF.Helper.csproj", "{56DA8847-880D-4AFC-9F1E-EE5C4A0396E4}"
EndProject
Project("{FAE04EC0-301F-11D3-BF4B-00C04F79EFBC}") = "SHF.ViewModel", "SHF.ViewModel\SHF.ViewModel.csproj", "{17F9F188-7F91-40A8-B2DC-EA8A6B74ECDC}"
EndProject
Project("{FAE04EC0-301F-11D3-BF4B-00C04F79EFBC}") = "SHF.EntityModel", "SHF.EntityModel\SHF.EntityModel.csproj", "{192D492A-96CE-4898-8AE4-1F55370D6304}"
EndProject
Project("{FAE04EC0-301F-11D3-BF4B-00C04F79EFBC}") = "SHF.DataAccess", "SHF.DataAccess\SHF.DataAccess.csproj", "{822CC856-FD61-496C-A8A3-A69D71436BD1}"
EndProject
Project("{00D1A9C2-B5F0-4AF3-8072-F6C62B433612}") = "SHF.DB", "SHF.DB\SHF.DB.sqlproj", "{34646D9B-7234-4CB2-A451-018F40AD6D6C}"
EndProject
Project("{FAE04EC0-301F-11D3-BF4B-00C04F79EFBC}") = "SHF", "SHF\SHF.csproj", "{2597F47F-7520-462B-830C-00187BFCD1D3}"
EndProject
Global
	GlobalSection(SolutionConfigurationPlatforms) = preSolution
		Debug|Any CPU = Debug|Any CPU
		Release|Any CPU = Release|Any CPU
	EndGlobalSection
	GlobalSection(ProjectConfigurationPlatforms) = postSolution
		{984DF8E6-44C6-48D6-B48E-3A3B0750503D}.Debug|Any CPU.ActiveCfg = Debug|Any CPU
		{984DF8E6-44C6-48D6-B48E-3A3B0750503D}.Debug|Any CPU.Build.0 = Debug|Any CPU
		{984DF8E6-44C6-48D6-B48E-3A3B0750503D}.Release|Any CPU.ActiveCfg = Release|Any CPU
		{984DF8E6-44C6-48D6-B48E-3A3B0750503D}.Release|Any CPU.Build.0 = Release|Any CPU
		{56DA8847-880D-4AFC-9F1E-EE5C4A0396E4}.Debug|Any CPU.ActiveCfg = Debug|Any CPU
		{56DA8847-880D-4AFC-9F1E-EE5C4A0396E4}.Debug|Any CPU.Build.0 = Debug|Any CPU
		{56DA8847-880D-4AFC-9F1E-EE5C4A0396E4}.Release|Any CPU.ActiveCfg = Release|Any CPU
		{56DA8847-880D-4AFC-9F1E-EE5C4A0396E4}.Release|Any CPU.Build.0 = Release|Any CPU
		{17F9F188-7F91-40A8-B2DC-EA8A6B74ECDC}.Debug|Any CPU.ActiveCfg = Debug|Any CPU
		{17F9F188-7F91-40A8-B2DC-EA8A6B74ECDC}.Debug|Any CPU.Build.0 = Debug|Any CPU
		{17F9F188-7F91-40A8-B2DC-EA8A6B74ECDC}.Release|Any CPU.ActiveCfg = Release|Any CPU
		{17F9F188-7F91-40A8-B2DC-EA8A6B74ECDC}.Release|Any CPU.Build.0 = Release|Any CPU
		{192D492A-96CE-4898-8AE4-1F55370D6304}.Debug|Any CPU.ActiveCfg = Debug|Any CPU
		{192D492A-96CE-4898-8AE4-1F55370D6304}.Debug|Any CPU.Build.0 = Debug|Any CPU
		{192D492A-96CE-4898-8AE4-1F55370D6304}.Release|Any CPU.ActiveCfg = Release|Any CPU
		{192D492A-96CE-4898-8AE4-1F55370D6304}.Release|Any CPU.Build.0 = Release|Any CPU
		{822CC856-FD61-496C-A8A3-A69D71436BD1}.Debug|Any CPU.ActiveCfg = Debug|Any CPU
		{822CC856-FD61-496C-A8A3-A69D71436BD1}.Debug|Any CPU.Build.0 = Debug|Any CPU
		{822CC856-FD61-496C-A8A3-A69D71436BD1}.Release|Any CPU.ActiveCfg = Release|Any CPU
		{822CC856-FD61-496C-A8A3-A69D71436BD1}.Release|Any CPU.Build.0 = Release|Any CPU
		{34646D9B-7234-4CB2-A451-018F40AD6D6C}.Debug|Any CPU.ActiveCfg = Debug|Any CPU
		{34646D9B-7234-4CB2-A451-018F40AD6D6C}.Debug|Any CPU.Build.0 = Debug|Any CPU
		{34646D9B-7234-4CB2-A451-018F40AD6D6C}.Debug|Any CPU.Deploy.0 = Debug|Any CPU
		{34646D9B-7234-4CB2-A451-018F40AD6D6C}.Release|Any CPU.ActiveCfg = Release|Any CPU
		{34646D9B-7234-4CB2-A451-018F40AD6D6C}.Release|Any CPU.Build.0 = Release|Any CPU
		{34646D9B-7234-4CB2-A451-018F40AD6D6C}.Release|Any CPU.Deploy.0 = Release|Any CPU
		{2597F47F-7520-462B-830C-00187BFCD1D3}.Debug|Any CPU.ActiveCfg = Debug|Any CPU
		{2597F47F-7520-462B-830C-00187BFCD1D3}.Debug|Any CPU.Build.0 = Debug|Any CPU
		{2597F47F-7520-462B-830C-00187BFCD1D3}.Release|Any CPU.ActiveCfg = Release|Any CPU
		{2597F47F-7520-462B-830C-00187BFCD1D3}.Release|Any CPU.Build.0 = Release|Any CPU
	EndGlobalSection
	GlobalSection(SolutionProperties) = preSolution
		HideSolutionNode = FALSE
	EndGlobalSection
	GlobalSection(ExtensibilityGlobals) = postSolution
		SolutionGuid = {0712E355-26DE-428D-9E1A-018EAAB5BAB6}
	EndGlobalSection
EndGlobal
